
Microsoft Visual Studio Solution File, Format Version 12.00
# Visual Studio Version 16
VisualStudioVersion = 16.0.32413.511
MinimumVisualStudioVersion = 10.0.40219.1
Project("{9092AA53-FB77-4645-B42D-1CCCA6BD08BD}") = "Atividade_Online_2_UC8-Gabriel_Dias", "Atividade_Online_2_UC8-Gabriel_Dias\Atividade_Online_2_UC8-Gabriel_Dias.njsproj", "{8135EF34-88B4-48FB-B00F-54DAC2EF2F50}"
EndProject
Global
	GlobalSection(SolutionConfigurationPlatforms) = preSolution
		Debug|Any CPU = Debug|Any CPU
		Release|Any CPU = Release|Any CPU
	EndGlobalSection
	GlobalSection(ProjectConfigurationPlatforms) = postSolution
		{8135EF34-88B4-48FB-B00F-54DAC2EF2F50}.Debug|Any CPU.ActiveCfg = Debug|Any CPU
		{8135EF34-88B4-48FB-B00F-54DAC2EF2F50}.Debug|Any CPU.Build.0 = Debug|Any CPU
		{8135EF34-88B4-48FB-B00F-54DAC2EF2F50}.Release|Any CPU.ActiveCfg = Release|Any CPU
		{8135EF34-88B4-48FB-B00F-54DAC2EF2F50}.Release|Any CPU.Build.0 = Release|Any CPU
	EndGlobalSection
	GlobalSection(SolutionProperties) = preSolution
		HideSolutionNode = FALSE
	EndGlobalSection
	GlobalSection(ExtensibilityGlobals) = postSolution
		SolutionGuid = {36413F24-282F-4F73-B754-941E03C0789C}
	EndGlobalSection
EndGlobal
